
Microsoft Visual Studio Solution File, Format Version 11.00
# Visual Studio 2010
Project("{2150E333-8FDC-42A3-9474-1A3956D46DE8}") = "Solution Items", "Solution Items", "{903F31C8-9E27-4724-B172-71572B75F001}"
	ProjectSection(SolutionItems) = preProject
		ReadMe.txt = ReadMe.txt
	EndProjectSection
EndProject
Project("{FAE04EC0-301F-11D3-BF4B-00C04F79EFBC}") = "Preoterecenje", "Preoterecenje\Preoterecenje.csproj", "{0AB0958B-970B-4948-8EC0-CFCE7E04AAEE}"
EndProject
Project("{FAE04EC0-301F-11D3-BF4B-00C04F79EFBC}") = "Indekser1", "Indekser1\Indekser1.csproj", "{B05AF468-42E2-4FC1-B395-1A947D971FB6}"
EndProject
Project("{FAE04EC0-301F-11D3-BF4B-00C04F79EFBC}") = "Indekseri2", "Indekseri2\Indekseri2.csproj", "{C64BE084-D244-41D1-985D-BEC3D4C16116}"
EndProject
Project("{FAE04EC0-301F-11D3-BF4B-00C04F79EFBC}") = "ReferentniTipovi", "ReferentniTipovi\ReferentniTipovi.csproj", "{8E10069E-27A7-43D2-9E8D-27786E573D0C}"
EndProject
Project("{FAE04EC0-301F-11D3-BF4B-00C04F79EFBC}") = "Serializacija", "Serializacija\Serializacija.csproj", "{CAF6761E-CE0D-4AC9-ACFC-6F4F2515AB09}"
EndProject
Project("{FAE04EC0-301F-11D3-BF4B-00C04F79EFBC}") = "Definicija", "Definicija\Definicija.csproj", "{DFE60C54-DC79-4197-973E-1CF27FA57526}"
EndProject
Project("{FAE04EC0-301F-11D3-BF4B-00C04F79EFBC}") = "VirtualnaSvojstva", "VirtualnaSvojstva\VirtualnaSvojstva.csproj", "{C1D21529-62BC-40D9-A4FE-2AB61E90C7A9}"
EndProject
Global
	GlobalSection(SolutionConfigurationPlatforms) = preSolution
		Debug|Any CPU = Debug|Any CPU
		Debug|Mixed Platforms = Debug|Mixed Platforms
		Debug|x86 = Debug|x86
		Release|Any CPU = Release|Any CPU
		Release|Mixed Platforms = Release|Mixed Platforms
		Release|x86 = Release|x86
	EndGlobalSection
	GlobalSection(ProjectConfigurationPlatforms) = postSolution
		{0AB0958B-970B-4948-8EC0-CFCE7E04AAEE}.Debug|Any CPU.ActiveCfg = Debug|Any CPU
		{0AB0958B-970B-4948-8EC0-CFCE7E04AAEE}.Debug|Any CPU.Build.0 = Debug|Any CPU
		{0AB0958B-970B-4948-8EC0-CFCE7E04AAEE}.Debug|Mixed Platforms.ActiveCfg = Debug|Any CPU
		{0AB0958B-970B-4948-8EC0-CFCE7E04AAEE}.Debug|Mixed Platforms.Build.0 = Debug|Any CPU
		{0AB0958B-970B-4948-8EC0-CFCE7E04AAEE}.Debug|x86.ActiveCfg = Debug|Any CPU
		{0AB0958B-970B-4948-8EC0-CFCE7E04AAEE}.Release|Any CPU.ActiveCfg = Release|Any CPU
		{0AB0958B-970B-4948-8EC0-CFCE7E04AAEE}.Release|Any CPU.Build.0 = Release|Any CPU
		{0AB0958B-970B-4948-8EC0-CFCE7E04AAEE}.Release|Mixed Platforms.ActiveCfg = Release|Any CPU
		{0AB0958B-970B-4948-8EC0-CFCE7E04AAEE}.Release|Mixed Platforms.Build.0 = Release|Any CPU
		{0AB0958B-970B-4948-8EC0-CFCE7E04AAEE}.Release|x86.ActiveCfg = Release|Any CPU
		{B05AF468-42E2-4FC1-B395-1A947D971FB6}.Debug|Any CPU.ActiveCfg = Debug|Any CPU
		{B05AF468-42E2-4FC1-B395-1A947D971FB6}.Debug|Any CPU.Build.0 = Debug|Any CPU
		{B05AF468-42E2-4FC1-B395-1A947D971FB6}.Debug|Mixed Platforms.ActiveCfg = Debug|Any CPU
		{B05AF468-42E2-4FC1-B395-1A947D971FB6}.Debug|Mixed Platforms.Build.0 = Debug|Any CPU
		{B05AF468-42E2-4FC1-B395-1A947D971FB6}.Debug|x86.ActiveCfg = Debug|Any CPU
		{B05AF468-42E2-4FC1-B395-1A947D971FB6}.Release|Any CPU.ActiveCfg = Release|Any CPU
		{B05AF468-42E2-4FC1-B395-1A947D971FB6}.Release|Any CPU.Build.0 = Release|Any CPU
		{B05AF468-42E2-4FC1-B395-1A947D971FB6}.Release|Mixed Platforms.ActiveCfg = Release|Any CPU
		{B05AF468-42E2-4FC1-B395-1A947D971FB6}.Release|Mixed Platforms.Build.0 = Release|Any CPU
		{B05AF468-42E2-4FC1-B395-1A947D971FB6}.Release|x86.ActiveCfg = Release|Any CPU
		{C64BE084-D244-41D1-985D-BEC3D4C16116}.Debug|Any CPU.ActiveCfg = Debug|Any CPU
		{C64BE084-D244-41D1-985D-BEC3D4C16116}.Debug|Any CPU.Build.0 = Debug|Any CPU
		{C64BE084-D244-41D1-985D-BEC3D4C16116}.Debug|Mixed Platforms.ActiveCfg = Debug|Any CPU
		{C64BE084-D244-41D1-985D-BEC3D4C16116}.Debug|Mixed Platforms.Build.0 = Debug|Any CPU
		{C64BE084-D244-41D1-985D-BEC3D4C16116}.Debug|x86.ActiveCfg = Debug|Any CPU
		{C64BE084-D244-41D1-985D-BEC3D4C16116}.Release|Any CPU.ActiveCfg = Release|Any CPU
		{C64BE084-D244-41D1-985D-BEC3D4C16116}.Release|Any CPU.Build.0 = Release|Any CPU
		{C64BE084-D244-41D1-985D-BEC3D4C16116}.Release|Mixed Platforms.ActiveCfg = Release|Any CPU
		{C64BE084-D244-41D1-985D-BEC3D4C16116}.Release|Mixed Platforms.Build.0 = Release|Any CPU
		{C64BE084-D244-41D1-985D-BEC3D4C16116}.Release|x86.ActiveCfg = Release|Any CPU
		{8E10069E-27A7-43D2-9E8D-27786E573D0C}.Debug|Any CPU.ActiveCfg = Debug|Any CPU
		{8E10069E-27A7-43D2-9E8D-27786E573D0C}.Debug|Any CPU.Build.0 = Debug|Any CPU
		{8E10069E-27A7-43D2-9E8D-27786E573D0C}.Debug|Mixed Platforms.ActiveCfg = Debug|Any CPU
		{8E10069E-27A7-43D2-9E8D-27786E573D0C}.Debug|Mixed Platforms.Build.0 = Debug|Any CPU
		{8E10069E-27A7-43D2-9E8D-27786E573D0C}.Debug|x86.ActiveCfg = Debug|Any CPU
		{8E10069E-27A7-43D2-9E8D-27786E573D0C}.Release|Any CPU.ActiveCfg = Release|Any CPU
		{8E10069E-27A7-43D2-9E8D-27786E573D0C}.Release|Any CPU.Build.0 = Release|Any CPU
		{8E10069E-27A7-43D2-9E8D-27786E573D0C}.Release|Mixed Platforms.ActiveCfg = Release|Any CPU
		{8E10069E-27A7-43D2-9E8D-27786E573D0C}.Release|Mixed Platforms.Build.0 = Release|Any CPU
		{8E10069E-27A7-43D2-9E8D-27786E573D0C}.Release|x86.ActiveCfg = Release|Any CPU
		{CAF6761E-CE0D-4AC9-ACFC-6F4F2515AB09}.Debug|Any CPU.ActiveCfg = Debug|Any CPU
		{CAF6761E-CE0D-4AC9-ACFC-6F4F2515AB09}.Debug|Any CPU.Build.0 = Debug|Any CPU
		{CAF6761E-CE0D-4AC9-ACFC-6F4F2515AB09}.Debug|Mixed Platforms.ActiveCfg = Debug|Any CPU
		{CAF6761E-CE0D-4AC9-ACFC-6F4F2515AB09}.Debug|Mixed Platforms.Build.0 = Debug|Any CPU
		{CAF6761E-CE0D-4AC9-ACFC-6F4F2515AB09}.Debug|x86.ActiveCfg = Debug|Any CPU
		{CAF6761E-CE0D-4AC9-ACFC-6F4F2515AB09}.Release|Any CPU.ActiveCfg = Release|Any CPU
		{CAF6761E-CE0D-4AC9-ACFC-6F4F2515AB09}.Release|Any CPU.Build.0 = Release|Any CPU
		{CAF6761E-CE0D-4AC9-ACFC-6F4F2515AB09}.Release|Mixed Platforms.ActiveCfg = Release|Any CPU
		{CAF6761E-CE0D-4AC9-ACFC-6F4F2515AB09}.Release|Mixed Platforms.Build.0 = Release|Any CPU
		{CAF6761E-CE0D-4AC9-ACFC-6F4F2515AB09}.Release|x86.ActiveCfg = Release|Any CPU
		{DFE60C54-DC79-4197-973E-1CF27FA57526}.Debug|Any CPU.ActiveCfg = Debug|x86
		{DFE60C54-DC79-4197-973E-1CF27FA57526}.Debug|Mixed Platforms.ActiveCfg = Debug|x86
		{DFE60C54-DC79-4197-973E-1CF27FA57526}.Debug|Mixed Platforms.Build.0 = Debug|x86
		{DFE60C54-DC79-4197-973E-1CF27FA57526}.Debug|x86.ActiveCfg = Debug|x86
		{DFE60C54-DC79-4197-973E-1CF27FA57526}.Debug|x86.Build.0 = Debug|x86
		{DFE60C54-DC79-4197-973E-1CF27FA57526}.Release|Any CPU.ActiveCfg = Release|x86
		{DFE60C54-DC79-4197-973E-1CF27FA57526}.Release|Mixed Platforms.ActiveCfg = Release|x86
		{DFE60C54-DC79-4197-973E-1CF27FA57526}.Release|Mixed Platforms.Build.0 = Release|x86
		{DFE60C54-DC79-4197-973E-1CF27FA57526}.Release|x86.ActiveCfg = Release|x86
		{DFE60C54-DC79-4197-973E-1CF27FA57526}.Release|x86.Build.0 = Release|x86
		{C1D21529-62BC-40D9-A4FE-2AB61E90C7A9}.Debug|Any CPU.ActiveCfg = Debug|Any CPU
		{C1D21529-62BC-40D9-A4FE-2AB61E90C7A9}.Debug|Any CPU.Build.0 = Debug|Any CPU
		{C1D21529-62BC-40D9-A4FE-2AB61E90C7A9}.Debug|Mixed Platforms.ActiveCfg = Debug|Any CPU
		{C1D21529-62BC-40D9-A4FE-2AB61E90C7A9}.Debug|Mixed Platforms.Build.0 = Debug|Any CPU
		{C1D21529-62BC-40D9-A4FE-2AB61E90C7A9}.Debug|x86.ActiveCfg = Debug|Any CPU
		{C1D21529-62BC-40D9-A4FE-2AB61E90C7A9}.Release|Any CPU.ActiveCfg = Release|Any CPU
		{C1D21529-62BC-40D9-A4FE-2AB61E90C7A9}.Release|Any CPU.Build.0 = Release|Any CPU
		{C1D21529-62BC-40D9-A4FE-2AB61E90C7A9}.Release|Mixed Platforms.ActiveCfg = Release|Any CPU
		{C1D21529-62BC-40D9-A4FE-2AB61E90C7A9}.Release|Mixed Platforms.Build.0 = Release|Any CPU
		{C1D21529-62BC-40D9-A4FE-2AB61E90C7A9}.Release|x86.ActiveCfg = Release|Any CPU
	EndGlobalSection
	GlobalSection(SolutionProperties) = preSolution
		HideSolutionNode = FALSE
	EndGlobalSection
EndGlobal
